<Solution>
  <Folder Name="/src/">
    <Project Path="src/MLIR/MLIR.csproj" />
    <Project Path="src/TableGen/TableGen.csproj" />
  </Folder>
  <Folder Name="/tests/">
    <Project Path="tests/MLIR.Tests/MLIR.Tests.csproj" />
    <Project Path="tests/TableGen.Tests/TableGen.Tests.csproj" />
  </Folder>
</Solution>
